{
  "requires": true,
  "lockfileVersion": 1,
  "dependencies": {
    "jspanel4": {
      "version": "4.12.0",
      "resolved": "https://registry.npmjs.org/jspanel4/-/jspanel4-4.12.0.tgz",
      "integrity": "sha512-3K3v47AJglDhDeS5ou0zEO5Nio1S0bz7LUjiQNYosJPrN4vRqXH0F6L+UnldxHcA0L/W0QmYHO7jyT2u3HtCBw=="
    }
  }
}
